
Microsoft Visual Studio Solution File, Format Version 12.00
Project("{2150E333-8FDC-42A3-9474-1A3956D46DE8}") = "Modules", "Modules", "{93CE7FA6-8438-4C31-8BC5-22DFB23A537B}"
EndProject
Project("{FAE04EC0-301F-11D3-BF4B-00C04F79EFBC}") = "BetServices.Domain", "BetServices.Domain\BetServices.Domain.csproj", "{747C9F35-4A69-4B3B-A7A8-827230956DBB}"
EndProject
Project("{FAE04EC0-301F-11D3-BF4B-00C04F79EFBC}") = "BetServices.Infrastructure", "BetServices.Infrastructure\BetServices.Infrastructure.csproj", "{577DED90-DC06-4CB2-865B-C09A14ABF0DC}"
EndProject
Project("{2150E333-8FDC-42A3-9474-1A3956D46DE8}") = "API", "API", "{00E27CC2-7BF3-40A3-B7C5-17CC8B6B0C51}"
EndProject
Project("{FAE04EC0-301F-11D3-BF4B-00C04F79EFBC}") = "WebAPI", "WebAPI\WebAPI.csproj", "{DB91CDC0-E66E-4336-8BE7-E67306082EA8}"
EndProject
Project("{FAE04EC0-301F-11D3-BF4B-00C04F79EFBC}") = "BetServices.Application", "BetServices.Application\BetServices.Application.csproj", "{27C005B5-A11C-47E1-91FA-7ED3BCDB6455}"
EndProject
Global
	GlobalSection(SolutionConfigurationPlatforms) = preSolution
		Debug|Any CPU = Debug|Any CPU
		Release|Any CPU = Release|Any CPU
	EndGlobalSection
	GlobalSection(ProjectConfigurationPlatforms) = postSolution
		{747C9F35-4A69-4B3B-A7A8-827230956DBB}.Debug|Any CPU.ActiveCfg = Debug|Any CPU
		{747C9F35-4A69-4B3B-A7A8-827230956DBB}.Debug|Any CPU.Build.0 = Debug|Any CPU
		{747C9F35-4A69-4B3B-A7A8-827230956DBB}.Release|Any CPU.ActiveCfg = Release|Any CPU
		{747C9F35-4A69-4B3B-A7A8-827230956DBB}.Release|Any CPU.Build.0 = Release|Any CPU
		{577DED90-DC06-4CB2-865B-C09A14ABF0DC}.Debug|Any CPU.ActiveCfg = Debug|Any CPU
		{577DED90-DC06-4CB2-865B-C09A14ABF0DC}.Debug|Any CPU.Build.0 = Debug|Any CPU
		{577DED90-DC06-4CB2-865B-C09A14ABF0DC}.Release|Any CPU.ActiveCfg = Release|Any CPU
		{577DED90-DC06-4CB2-865B-C09A14ABF0DC}.Release|Any CPU.Build.0 = Release|Any CPU
		{DB91CDC0-E66E-4336-8BE7-E67306082EA8}.Debug|Any CPU.ActiveCfg = Debug|Any CPU
		{DB91CDC0-E66E-4336-8BE7-E67306082EA8}.Debug|Any CPU.Build.0 = Debug|Any CPU
		{DB91CDC0-E66E-4336-8BE7-E67306082EA8}.Release|Any CPU.ActiveCfg = Release|Any CPU
		{DB91CDC0-E66E-4336-8BE7-E67306082EA8}.Release|Any CPU.Build.0 = Release|Any CPU
		{27C005B5-A11C-47E1-91FA-7ED3BCDB6455}.Debug|Any CPU.ActiveCfg = Debug|Any CPU
		{27C005B5-A11C-47E1-91FA-7ED3BCDB6455}.Debug|Any CPU.Build.0 = Debug|Any CPU
		{27C005B5-A11C-47E1-91FA-7ED3BCDB6455}.Release|Any CPU.ActiveCfg = Release|Any CPU
		{27C005B5-A11C-47E1-91FA-7ED3BCDB6455}.Release|Any CPU.Build.0 = Release|Any CPU
	EndGlobalSection
	GlobalSection(NestedProjects) = preSolution
		{747C9F35-4A69-4B3B-A7A8-827230956DBB} = {93CE7FA6-8438-4C31-8BC5-22DFB23A537B}
		{577DED90-DC06-4CB2-865B-C09A14ABF0DC} = {93CE7FA6-8438-4C31-8BC5-22DFB23A537B}
		{DB91CDC0-E66E-4336-8BE7-E67306082EA8} = {00E27CC2-7BF3-40A3-B7C5-17CC8B6B0C51}
		{27C005B5-A11C-47E1-91FA-7ED3BCDB6455} = {93CE7FA6-8438-4C31-8BC5-22DFB23A537B}
	EndGlobalSection
EndGlobal
